
Microsoft Visual Studio Solution File, Format Version 12.00
# Visual Studio Version 16
VisualStudioVersion = 16.0.31729.503
MinimumVisualStudioVersion = 10.0.40219.1
Project("{9A19103F-16F7-4668-BE54-9A1E7A4F7556}") = "WarehouseRemittance.App", "WarehouseRemittance.App\WarehouseRemittance.App.csproj", "{EAC5A18F-1D8D-46B5-97FC-012E188880F4}"
EndProject
Project("{9A19103F-16F7-4668-BE54-9A1E7A4F7556}") = "WarehouseRemittance.Core", "WarehouseRemittance.Core\WarehouseRemittance.Core.csproj", "{B6176650-F254-434D-83D1-0EBB3B04D649}"
EndProject
Project("{9A19103F-16F7-4668-BE54-9A1E7A4F7556}") = "WarehouseRemittance.Data", "WarehouseRemittance.Data\WarehouseRemittance.Data.csproj", "{D428DB2B-5F41-48B7-B9FA-A56BD77D973E}"
EndProject
Project("{9A19103F-16F7-4668-BE54-9A1E7A4F7556}") = "WarehouseRemittance.Domain", "WarehouseRemittance.Domain\WarehouseRemittance.Domain.csproj", "{5FDD7BF1-2A0D-43BB-8731-F02B8E5FAF59}"
EndProject
Project("{9A19103F-16F7-4668-BE54-9A1E7A4F7556}") = "WarehouseRemittance.WpfApp", "WarehouseRemittance.WpfApp\WarehouseRemittance.WpfApp.csproj", "{363AE97B-C080-49B8-8DAD-BF00AB33D4F4}"
EndProject
Project("{2150E333-8FDC-42A3-9474-1A3956D46DE8}") = "Presentation", "Presentation", "{481DE59D-ACAB-46BD-BAE5-80892B32EA8C}"
EndProject
Project("{2150E333-8FDC-42A3-9474-1A3956D46DE8}") = "Application", "Application", "{D47AFEC5-F992-45EE-8884-4E7F34BCC983}"
EndProject
Project("{2150E333-8FDC-42A3-9474-1A3956D46DE8}") = "Data", "Data", "{1395E60C-0AE2-4130-8E44-180AF51F7E83}"
EndProject
Project("{2150E333-8FDC-42A3-9474-1A3956D46DE8}") = "Domain", "Domain", "{28CD26CB-C850-4476-88E8-4ED194CB1F95}"
EndProject
Project("{FAE04EC0-301F-11D3-BF4B-00C04F79EFBC}") = "WarehouseRemittance.IoC", "WarehouseRemittance.IoC\WarehouseRemittance.IoC.csproj", "{36B89E86-236A-465A-A3AA-96E0E05AE727}"
EndProject
Global
	GlobalSection(SolutionConfigurationPlatforms) = preSolution
		Debug|Any CPU = Debug|Any CPU
		Release|Any CPU = Release|Any CPU
	EndGlobalSection
	GlobalSection(ProjectConfigurationPlatforms) = postSolution
		{EAC5A18F-1D8D-46B5-97FC-012E188880F4}.Debug|Any CPU.ActiveCfg = Debug|Any CPU
		{EAC5A18F-1D8D-46B5-97FC-012E188880F4}.Debug|Any CPU.Build.0 = Debug|Any CPU
		{EAC5A18F-1D8D-46B5-97FC-012E188880F4}.Release|Any CPU.ActiveCfg = Release|Any CPU
		{EAC5A18F-1D8D-46B5-97FC-012E188880F4}.Release|Any CPU.Build.0 = Release|Any CPU
		{B6176650-F254-434D-83D1-0EBB3B04D649}.Debug|Any CPU.ActiveCfg = Debug|Any CPU
		{B6176650-F254-434D-83D1-0EBB3B04D649}.Debug|Any CPU.Build.0 = Debug|Any CPU
		{B6176650-F254-434D-83D1-0EBB3B04D649}.Release|Any CPU.ActiveCfg = Release|Any CPU
		{B6176650-F254-434D-83D1-0EBB3B04D649}.Release|Any CPU.Build.0 = Release|Any CPU
		{D428DB2B-5F41-48B7-B9FA-A56BD77D973E}.Debug|Any CPU.ActiveCfg = Debug|Any CPU
		{D428DB2B-5F41-48B7-B9FA-A56BD77D973E}.Debug|Any CPU.Build.0 = Debug|Any CPU
		{D428DB2B-5F41-48B7-B9FA-A56BD77D973E}.Release|Any CPU.ActiveCfg = Release|Any CPU
		{D428DB2B-5F41-48B7-B9FA-A56BD77D973E}.Release|Any CPU.Build.0 = Release|Any CPU
		{5FDD7BF1-2A0D-43BB-8731-F02B8E5FAF59}.Debug|Any CPU.ActiveCfg = Debug|Any CPU
		{5FDD7BF1-2A0D-43BB-8731-F02B8E5FAF59}.Debug|Any CPU.Build.0 = Debug|Any CPU
		{5FDD7BF1-2A0D-43BB-8731-F02B8E5FAF59}.Release|Any CPU.ActiveCfg = Release|Any CPU
		{5FDD7BF1-2A0D-43BB-8731-F02B8E5FAF59}.Release|Any CPU.Build.0 = Release|Any CPU
		{363AE97B-C080-49B8-8DAD-BF00AB33D4F4}.Debug|Any CPU.ActiveCfg = Debug|Any CPU
		{363AE97B-C080-49B8-8DAD-BF00AB33D4F4}.Debug|Any CPU.Build.0 = Debug|Any CPU
		{363AE97B-C080-49B8-8DAD-BF00AB33D4F4}.Release|Any CPU.ActiveCfg = Release|Any CPU
		{363AE97B-C080-49B8-8DAD-BF00AB33D4F4}.Release|Any CPU.Build.0 = Release|Any CPU
		{36B89E86-236A-465A-A3AA-96E0E05AE727}.Debug|Any CPU.ActiveCfg = Debug|Any CPU
		{36B89E86-236A-465A-A3AA-96E0E05AE727}.Debug|Any CPU.Build.0 = Debug|Any CPU
		{36B89E86-236A-465A-A3AA-96E0E05AE727}.Release|Any CPU.ActiveCfg = Release|Any CPU
		{36B89E86-236A-465A-A3AA-96E0E05AE727}.Release|Any CPU.Build.0 = Release|Any CPU

	EndGlobalSection
	GlobalSection(SolutionProperties) = preSolution
		HideSolutionNode = FALSE
	EndGlobalSection
	GlobalSection(NestedProjects) = preSolution
		{EAC5A18F-1D8D-46B5-97FC-012E188880F4} = {481DE59D-ACAB-46BD-BAE5-80892B32EA8C}
		{B6176650-F254-434D-83D1-0EBB3B04D649} = {D47AFEC5-F992-45EE-8884-4E7F34BCC983}
		{D428DB2B-5F41-48B7-B9FA-A56BD77D973E} = {1395E60C-0AE2-4130-8E44-180AF51F7E83}
		{5FDD7BF1-2A0D-43BB-8731-F02B8E5FAF59} = {28CD26CB-C850-4476-88E8-4ED194CB1F95}
		{363AE97B-C080-49B8-8DAD-BF00AB33D4F4} = {481DE59D-ACAB-46BD-BAE5-80892B32EA8C}
		{36B89E86-236A-465A-A3AA-96E0E05AE727} = {D47AFEC5-F992-45EE-8884-4E7F34BCC983}
	EndGlobalSection
	GlobalSection(ExtensibilityGlobals) = postSolution
		SolutionGuid = {FBAA5E3D-432A-45E0-9184-FA3059D4C027}
	EndGlobalSection
EndGlobal
